// !$*UTF8*$!
{
	archiveVersion = 1;
	classes = {
	};
	objectVersion = 48;
	objects = {

/* Begin PBXBuildFile section */
		1808077A1FC198020071AD37 /* Extensions.swift in Sources */ = {isa = PBXBuildFile; fileRef = 180807791FC198020071AD37 /* Extensions.swift */; };
		1808077C1FC1A90D0071AD37 /* CustomScene.swift in Sources */ = {isa = PBXBuildFile; fileRef = 1808077B1FC1A90D0071AD37 /* CustomScene.swift */; };
		18E900B61FBEC2720036F5D3 /* AppDelegate.swift in Sources */ = {isa = PBXBuildFile; fileRef = 18E900B51FBEC2720036F5D3 /* AppDelegate.swift */; };
		18E900B81FBEC2720036F5D3 /* ViewController.swift in Sources */ = {isa = PBXBuildFile; fileRef = 18E900B71FBEC2720036F5D3 /* ViewController.swift */; };
		18E900BB1FBEC2720036F5D3 /* Main.storyboard in Resources */ = {isa = PBXBuildFile; fileRef = 18E900B91FBEC2720036F5D3 /* Main.storyboard */; };
		18E900BD1FBEC2720036F5D3 /* Assets.xcassets in Resources */ = {isa = PBXBuildFile; fileRef = 18E900BC1FBEC2720036F5D3 /* Assets.xcassets */; };
		18E900C01FBEC2720036F5D3 /* LaunchScreen.storyboard in Resources */ = {isa = PBXBuildFile; fileRef = 18E900BE1FBEC2720036F5D3 /* LaunchScreen.storyboard */; };
		18E900CB1FBEC2730036F5D3 /* ChristamasBundleAppFiverrTests.swift in Sources */ = {isa = PBXBuildFile; fileRef = 18E900CA1FBEC2730036F5D3 /* ChristamasBundleAppFiverrTests.swift */; };
		18E900D61FBEC2730036F5D3 /* ChristamasBundleAppFiverrUITests.swift in Sources */ = {isa = PBXBuildFile; fileRef = 18E900D51FBEC2730036F5D3 /* ChristamasBundleAppFiverrUITests.swift */; };
		8BB8C12F927DB0E12DCD1203 /* Pods_ChristamasBundleAppFiverr.framework in Frameworks */ = {isa = PBXBuildFile; fileRef = A3BE5D51890E762C906F8519 /* Pods_ChristamasBundleAppFiverr.framework */; };
		9D64E304B6D04AF5C8A8AF4E /* Pods_ChristamasBundleAppFiverrUITests.framework in Frameworks */ = {isa = PBXBuildFile; fileRef = 3FB5C336873179B4DE0B6B09 /* Pods_ChristamasBundleAppFiverrUITests.framework */; };
		D843221C441BEE7E6FDC582C /* Pods_ChristamasBundleAppFiverrTests.framework in Frameworks */ = {isa = PBXBuildFile; fileRef = 3FD2ED0B167FBF28636467B6 /* Pods_ChristamasBundleAppFiverrTests.framework */; };
/* End PBXBuildFile section */

/* Begin PBXContainerItemProxy section */
		18E900C71FBEC2720036F5D3 /* PBXContainerItemProxy */ = {
			isa = PBXContainerItemProxy;
			containerPortal = 18E900AA1FBEC2720036F5D3 /* Project object */;
			proxyType = 1;
			remoteGlobalIDString = 18E900B11FBEC2720036F5D3;
			remoteInfo = ChristamasBundleAppFiverr;
		};
		18E900D21FBEC2730036F5D3 /* PBXContainerItemProxy */ = {
			isa = PBXContainerItemProxy;
			containerPortal = 18E900AA1FBEC2720036F5D3 /* Project object */;
			proxyType = 1;
			remoteGlobalIDString = 18E900B11FBEC2720036F5D3;
			remoteInfo = ChristamasBundleAppFiverr;
		};
/* End PBXContainerItemProxy section */

/* Begin PBXFileReference section */
		180807791FC198020071AD37 /* Extensions.swift */ = {isa = PBXFileReference; lastKnownFileType = sourcecode.swift; path = Extensions.swift; sourceTree = "<group>"; };
		1808077B1FC1A90D0071AD37 /* CustomScene.swift */ = {isa = PBXFileReference; lastKnownFileType = sourcecode.swift; path = CustomScene.swift; sourceTree = "<group>"; };
		18E900B21FBEC2720036F5D3 /* ChristamasBundleAppFiverr.app */ = {isa = PBXFileReference; explicitFileType = wrapper.application; includeInIndex = 0; path = ChristamasBundleAppFiverr.app; sourceTree = BUILT_PRODUCTS_DIR; };
		18E900B51FBEC2720036F5D3 /* AppDelegate.swift */ = {isa = PBXFileReference; lastKnownFileType = sourcecode.swift; path = AppDelegate.swift; sourceTree = "<group>"; };
		18E900B71FBEC2720036F5D3 /* ViewController.swift */ = {isa = PBXFileReference; lastKnownFileType = sourcecode.swift; path = ViewController.swift; sourceTree = "<group>"; };
		18E900BA1FBEC2720036F5D3 /* Base */ = {isa = PBXFileReference; lastKnownFileType = file.storyboard; name = Base; path = Base.lproj/Main.storyboard; sourceTree = "<group>"; };
		18E900BC1FBEC2720036F5D3 /* Assets.xcassets */ = {isa = PBXFileReference; lastKnownFileType = folder.assetcatalog; path = Assets.xcassets; sourceTree = "<group>"; };
		18E900BF1FBEC2720036F5D3 /* Base */ = {isa = PBXFileReference; lastKnownFileType = file.storyboard; name = Base; path = Base.lproj/LaunchScreen.storyboard; sourceTree = "<group>"; };
		18E900C11FBEC2720036F5D3 /* Info.plist */ = {isa = PBXFileReference; lastKnownFileType = text.plist.xml; path = Info.plist; sourceTree = "<group>"; };
		18E900C61FBEC2720036F5D3 /* ChristamasBundleAppFiverrTests.xctest */ = {isa = PBXFileReference; explicitFileType = wrapper.cfbundle; includeInIndex = 0; path = ChristamasBundleAppFiverrTests.xctest; sourceTree = BUILT_PRODUCTS_DIR; };
		18E900CA1FBEC2730036F5D3 /* ChristamasBundleAppFiverrTests.swift */ = {isa = PBXFileReference; lastKnownFileType = sourcecode.swift; path = ChristamasBundleAppFiverrTests.swift; sourceTree = "<group>"; };
		18E900CC1FBEC2730036F5D3 /* Info.plist */ = {isa = PBXFileReference; lastKnownFileType = text.plist.xml; path = Info.plist; sourceTree = "<group>"; };
		18E900D11FBEC2730036F5D3 /* ChristamasBundleAppFiverrUITests.xctest */ = {isa = PBXFileReference; explicitFileType = wrapper.cfbundle; includeInIndex = 0; path = ChristamasBundleAppFiverrUITests.xctest; sourceTree = BUILT_PRODUCTS_DIR; };
		18E900D51FBEC2730036F5D3 /* ChristamasBundleAppFiverrUITests.swift */ = {isa = PBXFileReference; lastKnownFileType = sourcecode.swift; path = ChristamasBundleAppFiverrUITests.swift; sourceTree = "<group>"; };
		18E900D71FBEC2730036F5D3 /* Info.plist */ = {isa = PBXFileReference; lastKnownFileType = text.plist.xml; path = Info.plist; sourceTree = "<group>"; };
		3FB5C336873179B4DE0B6B09 /* Pods_ChristamasBundleAppFiverrUITests.framework */ = {isa = PBXFileReference; explicitFileType = wrapper.framework; includeInIndex = 0; path = Pods_ChristamasBundleAppFiverrUITests.framework; sourceTree = BUILT_PRODUCTS_DIR; };
		3FD2ED0B167FBF28636467B6 /* Pods_ChristamasBundleAppFiverrTests.framework */ = {isa = PBXFileReference; explicitFileType = wrapper.framework; includeInIndex = 0; path = Pods_ChristamasBundleAppFiverrTests.framework; sourceTree = BUILT_PRODUCTS_DIR; };
		5A532DF3D95B12599315C281 /* Pods-ChristamasBundleAppFiverrTests.release.xcconfig */ = {isa = PBXFileReference; includeInIndex = 1; lastKnownFileType = text.xcconfig; name = "Pods-ChristamasBundleAppFiverrTests.release.xcconfig"; path = "Pods/Target Support Files/Pods-ChristamasBundleAppFiverrTests/Pods-ChristamasBundleAppFiverrTests.release.xcconfig"; sourceTree = "<group>"; };
		67EADA76A043E9219535A5CD /* Pods-ChristamasBundleAppFiverrUITests.release.xcconfig */ = {isa = PBXFileReference; includeInIndex = 1; lastKnownFileType = text.xcconfig; name = "Pods-ChristamasBundleAppFiverrUITests.release.xcconfig"; path = "Pods/Target Support Files/Pods-ChristamasBundleAppFiverrUITests/Pods-ChristamasBundleAppFiverrUITests.release.xcconfig"; sourceTree = "<group>"; };
		863D19AAA3CAEF79EE3AE104 /* Pods-ChristamasBundleAppFiverrTests.debug.xcconfig */ = {isa = PBXFileReference; includeInIndex = 1; lastKnownFileType = text.xcconfig; name = "Pods-ChristamasBundleAppFiverrTests.debug.xcconfig"; path = "Pods/Target Support Files/Pods-ChristamasBundleAppFiverrTests/Pods-ChristamasBundleAppFiverrTests.debug.xcconfig"; sourceTree = "<group>"; };
		A3BE5D51890E762C906F8519 /* Pods_ChristamasBundleAppFiverr.framework */ = {isa = PBXFileReference; explicitFileType = wrapper.framework; includeInIndex = 0; path = Pods_ChristamasBundleAppFiverr.framework; sourceTree = BUILT_PRODUCTS_DIR; };
		BC660CB0DD392A6AE3FC31B2 /* Pods-ChristamasBundleAppFiverr.release.xcconfig */ = {isa = PBXFileReference; includeInIndex = 1; lastKnownFileType = text.xcconfig; name = "Pods-ChristamasBundleAppFiverr.release.xcconfig"; path = "Pods/Target Support Files/Pods-ChristamasBundleAppFiverr/Pods-ChristamasBundleAppFiverr.release.xcconfig"; sourceTree = "<group>"; };
		E2BDA4FA2ECCE773E29257C3 /* Pods-ChristamasBundleAppFiverrUITests.debug.xcconfig */ = {isa = PBXFileReference; includeInIndex = 1; lastKnownFileType = text.xcconfig; name = "Pods-ChristamasBundleAppFiverrUITests.debug.xcconfig"; path = "Pods/Target Support Files/Pods-ChristamasBundleAppFiverrUITests/Pods-ChristamasBundleAppFiverrUITests.debug.xcconfig"; sourceTree = "<group>"; };
		FD77D992ED8604D8817E0D32 /* Pods-ChristamasBundleAppFiverr.debug.xcconfig */ = {isa = PBXFileReference; includeInIndex = 1; lastKnownFileType = text.xcconfig; name = "Pods-ChristamasBundleAppFiverr.debug.xcconfig"; path = "Pods/Target Support Files/Pods-ChristamasBundleAppFiverr/Pods-ChristamasBundleAppFiverr.debug.xcconfig"; sourceTree = "<group>"; };
/* End PBXFileReference section */

/* Begin PBXFrameworksBuildPhase section */
		18E900AF1FBEC2720036F5D3 /* Frameworks */ = {
			isa = PBXFrameworksBuildPhase;
			buildActionMask = 2147483647;
			files = (
				8BB8C12F927DB0E12DCD1203 /* Pods_ChristamasBundleAppFiverr.framework in Frameworks */,
			);
			runOnlyForDeploymentPostprocessing = 0;
		};
		18E900C31FBEC2720036F5D3 /* Frameworks */ = {
			isa = PBXFrameworksBuildPhase;
			buildActionMask = 2147483647;
			files = (
				D843221C441BEE7E6FDC582C /* Pods_ChristamasBundleAppFiverrTests.framework in Frameworks */,
			);
			runOnlyForDeploymentPostprocessing = 0;
		};
		18E900CE1FBEC2730036F5D3 /* Frameworks */ = {
			isa = PBXFrameworksBuildPhase;
			buildActionMask = 2147483647;
			files = (
				9D64E304B6D04AF5C8A8AF4E /* Pods_ChristamasBundleAppFiverrUITests.framework in Frameworks */,
			);
			runOnlyForDeploymentPostprocessing = 0;
		};
/* End PBXFrameworksBuildPhase section */

/* Begin PBXGroup section */
		1808077D1FC1A94B0071AD37 /* Scenes */ = {
			isa = PBXGroup;
			children = (
				1808077B1FC1A90D0071AD37 /* CustomScene.swift */,
			);
			path = Scenes;
			sourceTree = "<group>";
		};
		18E900A91FBEC2720036F5D3 = {
			isa = PBXGroup;
			children = (
				18E900B41FBEC2720036F5D3 /* ChristamasBundleAppFiverr */,
				18E900C91FBEC2730036F5D3 /* ChristamasBundleAppFiverrTests */,
				18E900D41FBEC2730036F5D3 /* ChristamasBundleAppFiverrUITests */,
				18E900B31FBEC2720036F5D3 /* Products */,
				1E96E30D574B75BF7001AEF4 /* Pods */,
				4E246FD11552B79B4A5D2A19 /* Frameworks */,
			);
			sourceTree = "<group>";
		};
		18E900B31FBEC2720036F5D3 /* Products */ = {
			isa = PBXGroup;
			children = (
				18E900B21FBEC2720036F5D3 /* ChristamasBundleAppFiverr.app */,
				18E900C61FBEC2720036F5D3 /* ChristamasBundleAppFiverrTests.xctest */,
				18E900D11FBEC2730036F5D3 /* ChristamasBundleAppFiverrUITests.xctest */,
			);
			name = Products;
			sourceTree = "<group>";
		};
		18E900B41FBEC2720036F5D3 /* ChristamasBundleAppFiverr */ = {
			isa = PBXGroup;
			children = (
				1808077D1FC1A94B0071AD37 /* Scenes */,
				18E900B51FBEC2720036F5D3 /* AppDelegate.swift */,
				18E900B71FBEC2720036F5D3 /* ViewController.swift */,
				18E900B91FBEC2720036F5D3 /* Main.storyboard */,
				18E900BC1FBEC2720036F5D3 /* Assets.xcassets */,
				18E900BE1FBEC2720036F5D3 /* LaunchScreen.storyboard */,
				18E900C11FBEC2720036F5D3 /* Info.plist */,
				180807791FC198020071AD37 /* Extensions.swift */,
			);
			path = ChristamasBundleAppFiverr;
			sourceTree = "<group>";
		};
		18E900C91FBEC2730036F5D3 /* ChristamasBundleAppFiverrTests */ = {
			isa = PBXGroup;
			children = (
				18E900CA1FBEC2730036F5D3 /* ChristamasBundleAppFiverrTests.swift */,
				18E900CC1FBEC2730036F5D3 /* Info.plist */,
			);
			path = ChristamasBundleAppFiverrTests;
			sourceTree = "<group>";
		};
		18E900D41FBEC2730036F5D3 /* ChristamasBundleAppFiverrUITests */ = {
			isa = PBXGroup;
			children = (
				18E900D51FBEC2730036F5D3 /* ChristamasBundleAppFiverrUITests.swift */,
				18E900D71FBEC2730036F5D3 /* Info.plist */,
			);
			path = ChristamasBundleAppFiverrUITests;
			sourceTree = "<group>";
		};
		1E96E30D574B75BF7001AEF4 /* Pods */ = {
			isa = PBXGroup;
			children = (
				FD77D992ED8604D8817E0D32 /* Pods-ChristamasBundleAppFiverr.debug.xcconfig */,
				BC660CB0DD392A6AE3FC31B2 /* Pods-ChristamasBundleAppFiverr.release.xcconfig */,
				863D19AAA3CAEF79EE3AE104 /* Pods-ChristamasBundleAppFiverrTests.debug.xcconfig */,
				5A532DF3D95B12599315C281 /* Pods-ChristamasBundleAppFiverrTests.release.xcconfig */,
				E2BDA4FA2ECCE773E29257C3 /* Pods-ChristamasBundleAppFiverrUITests.debug.xcconfig */,
				67EADA76A043E9219535A5CD /* Pods-ChristamasBundleAppFiverrUITests.release.xcconfig */,
			);
			name = Pods;
			sourceTree = "<group>";
		};
		4E246FD11552B79B4A5D2A19 /* Frameworks */ = {
			isa = PBXGroup;
			children = (
				A3BE5D51890E762C906F8519 /* Pods_ChristamasBundleAppFiverr.framework */,
				3FD2ED0B167FBF28636467B6 /* Pods_ChristamasBundleAppFiverrTests.framework */,
				3FB5C336873179B4DE0B6B09 /* Pods_ChristamasBundleAppFiverrUITests.framework */,
			);
			name = Frameworks;
			sourceTree = "<group>";
		};
/* End PBXGroup section */

/* Begin PBXNativeTarget section */
		18E900B11FBEC2720036F5D3 /* ChristamasBundleAppFiverr */ = {
			isa = PBXNativeTarget;
			buildConfigurationList = 18E900DA1FBEC2730036F5D3 /* Build configuration list for PBXNativeTarget "ChristamasBundleAppFiverr" */;
			buildPhases = (
				1392CB70FB7B72DA52EB7D2C /* [CP] Check Pods Manifest.lock */,
				18E900AE1FBEC2720036F5D3 /* Sources */,
				18E900AF1FBEC2720036F5D3 /* Frameworks */,
				18E900B01FBEC2720036F5D3 /* Resources */,
				01C141CC71B98190AB05A050 /* [CP] Embed Pods Frameworks */,
				355642A23B44426E264A1B90 /* [CP] Copy Pods Resources */,
			);
			buildRules = (
			);
			dependencies = (
			);
			name = ChristamasBundleAppFiverr;
			productName = ChristamasBundleAppFiverr;
			productReference = 18E900B21FBEC2720036F5D3 /* ChristamasBundleAppFiverr.app */;
			productType = "com.apple.product-type.application";
		};
		18E900C51FBEC2720036F5D3 /* ChristamasBundleAppFiverrTests */ = {
			isa = PBXNativeTarget;
			buildConfigurationList = 18E900DD1FBEC2730036F5D3 /* Build configuration list for PBXNativeTarget "ChristamasBundleAppFiverrTests" */;
			buildPhases = (
				8732E37F8F2655ADDB08B9AD /* [CP] Check Pods Manifest.lock */,
				18E900C21FBEC2720036F5D3 /* Sources */,
				18E900C31FBEC2720036F5D3 /* Frameworks */,
				18E900C41FBEC2720036F5D3 /* Resources */,
				692635DF84E636931C746A23 /* [CP] Embed Pods Frameworks */,
				32BCF61BA303C74DEC5061E8 /* [CP] Copy Pods Resources */,
			);
			buildRules = (
			);
			dependencies = (
				18E900C81FBEC2720036F5D3 /* PBXTargetDependency */,
			);
			name = ChristamasBundleAppFiverrTests;
			productName = ChristamasBundleAppFiverrTests;
			productReference = 18E900C61FBEC2720036F5D3 /* ChristamasBundleAppFiverrTests.xctest */;
			productType = "com.apple.product-type.bundle.unit-test";
		};
		18E900D01FBEC2730036F5D3 /* ChristamasBundleAppFiverrUITests */ = {
			isa = PBXNativeTarget;
			buildConfigurationList = 18E900E01FBEC2730036F5D3 /* Build configuration list for PBXNativeTarget "ChristamasBundleAppFiverrUITests" */;
			buildPhases = (
				52F70F9A336752EB12830E0A /* [CP] Check Pods Manifest.lock */,
				18E900CD1FBEC2730036F5D3 /* Sources */,
				18E900CE1FBEC2730036F5D3 /* Frameworks */,
				18E900CF1FBEC2730036F5D3 /* Resources */,
				6C1C483AB58A83B8D200D0B5 /* [CP] Embed Pods Frameworks */,
				A28F9B0FAF97B1520162A18E /* [CP] Copy Pods Resources */,
			);
			buildRules = (
			);
			dependencies = (
				18E900D31FBEC2730036F5D3 /* PBXTargetDependency */,
			);
			name = ChristamasBundleAppFiverrUITests;
			productName = ChristamasBundleAppFiverrUITests;
			productReference = 18E900D11FBEC2730036F5D3 /* ChristamasBundleAppFiverrUITests.xctest */;
			productType = "com.apple.product-type.bundle.ui-testing";
		};
/* End PBXNativeTarget section */

/* Begin PBXProject section */
		18E900AA1FBEC2720036F5D3 /* Project object */ = {
			isa = PBXProject;
			attributes = {
				LastSwiftUpdateCheck = 0910;
				LastUpgradeCheck = 0910;
				ORGANIZATIONNAME = "Christopher Brandon Karani";
				TargetAttributes = {
					18E900B11FBEC2720036F5D3 = {
						CreatedOnToolsVersion = 9.1;
						ProvisioningStyle = Automatic;
					};
					18E900C51FBEC2720036F5D3 = {
						CreatedOnToolsVersion = 9.1;
						ProvisioningStyle = Automatic;
						TestTargetID = 18E900B11FBEC2720036F5D3;
					};
					18E900D01FBEC2730036F5D3 = {
						CreatedOnToolsVersion = 9.1;
						ProvisioningStyle = Automatic;
						TestTargetID = 18E900B11FBEC2720036F5D3;
					};
				};
			};
			buildConfigurationList = 18E900AD1FBEC2720036F5D3 /* Build configuration list for PBXProject "ChristamasBundleAppFiverr" */;
			compatibilityVersion = "Xcode 8.0";
			developmentRegion = en;
			hasScannedForEncodings = 0;
			knownRegions = (
				en,
				Base,
			);
			mainGroup = 18E900A91FBEC2720036F5D3;
			productRefGroup = 18E900B31FBEC2720036F5D3 /* Products */;
			projectDirPath = "";
			projectRoot = "";
			targets = (
				18E900B11FBEC2720036F5D3 /* ChristamasBundleAppFiverr */,
				18E900C51FBEC2720036F5D3 /* ChristamasBundleAppFiverrTests */,
				18E900D01FBEC2730036F5D3 /* ChristamasBundleAppFiverrUITests */,
			);
		};
/* End PBXProject section */

/* Begin PBXResourcesBuildPhase section */
		18E900B01FBEC2720036F5D3 /* Resources */ = {
			isa = PBXResourcesBuildPhase;
			buildActionMask = 2147483647;
			files = (
				18E900C01FBEC2720036F5D3 /* LaunchScreen.storyboard in Resources */,
				18E900BD1FBEC2720036F5D3 /* Assets.xcassets in Resources */,
				18E900BB1FBEC2720036F5D3 /* Main.storyboard in Resources */,
			);
			runOnlyForDeploymentPostprocessing = 0;
		};
		18E900C41FBEC2720036F5D3 /* Resources */ = {
			isa = PBXResourcesBuildPhase;
			buildActionMask = 2147483647;
			files = (
			);
			runOnlyForDeploymentPostprocessing = 0;
		};
		18E900CF1FBEC2730036F5D3 /* Resources */ = {
			isa = PBXResourcesBuildPhase;
			buildActionMask = 2147483647;
			files = (
			);
			runOnlyForDeploymentPostprocessing = 0;
		};
/* End PBXResourcesBuildPhase section */

/* Begin PBXShellScriptBuildPhase section */
		01C141CC71B98190AB05A050 /* [CP] Embed Pods Frameworks */ = {
			isa = PBXShellScriptBuildPhase;
			buildActionMask = 2147483647;
			files = (
			);
			inputPaths = (
				"${SRCROOT}/Pods/Target Support Files/Pods-ChristamasBundleAppFiverr/Pods-ChristamasBundleAppFiverr-frameworks.sh",
				"${BUILT_PRODUCTS_DIR}/Magnetic/Magnetic.framework",
			);
			name = "[CP] Embed Pods Frameworks";
			outputPaths = (
				"${TARGET_BUILD_DIR}/${FRAMEWORKS_FOLDER_PATH}/Magnetic.framework",
			);
			runOnlyForDeploymentPostprocessing = 0;
			shellPath = /bin/sh;
			shellScript = "\"${SRCROOT}/Pods/Target Support Files/Pods-ChristamasBundleAppFiverr/Pods-ChristamasBundleAppFiverr-frameworks.sh\"\n";
			showEnvVarsInLog = 0;
		};
		1392CB70FB7B72DA52EB7D2C /* [CP] Check Pods Manifest.lock */ = {
			isa = PBXShellScriptBuildPhase;
			buildActionMask = 2147483647;
			files = (
			);
			inputPaths = (
				"${PODS_PODFILE_DIR_PATH}/Podfile.lock",
				"${PODS_ROOT}/Manifest.lock",
			);
			name = "[CP] Check Pods Manifest.lock";
			outputPaths = (
				"$(DERIVED_FILE_DIR)/Pods-ChristamasBundleAppFiverr-checkManifestLockResult.txt",
			);
			runOnlyForDeploymentPostprocessing = 0;
			shellPath = /bin/sh;
			shellScript = "diff \"${PODS_PODFILE_DIR_PATH}/Podfile.lock\" \"${PODS_ROOT}/Manifest.lock\" > /dev/null\nif [ $? != 0 ] ; then\n    # print error to STDERR\n    echo \"error: The sandbox is not in sync with the Podfile.lock. Run 'pod install' or update your CocoaPods installation.\" >&2\n    exit 1\nfi\n# This output is used by Xcode 'outputs' to avoid re-running this script phase.\necho \"SUCCESS\" > \"${SCRIPT_OUTPUT_FILE_0}\"\n";
			showEnvVarsInLog = 0;
		};
		32BCF61BA303C74DEC5061E8 /* [CP] Copy Pods Resources */ = {
			isa = PBXShellScriptBuildPhase;
			buildActionMask = 2147483647;
			files = (
			);
			inputPaths = (
			);
			name = "[CP] Copy Pods Resources";
			outputPaths = (
			);
			runOnlyForDeploymentPostprocessing = 0;
			shellPath = /bin/sh;
			shellScript = "\"${SRCROOT}/Pods/Target Support Files/Pods-ChristamasBundleAppFiverrTests/Pods-ChristamasBundleAppFiverrTests-resources.sh\"\n";
			showEnvVarsInLog = 0;
		};
		355642A23B44426E264A1B90 /* [CP] Copy Pods Resources */ = {
			isa = PBXShellScriptBuildPhase;
			buildActionMask = 2147483647;
			files = (
			);
			inputPaths = (
			);
			name = "[CP] Copy Pods Resources";
			outputPaths = (
			);
			runOnlyForDeploymentPostprocessing = 0;
			shellPath = /bin/sh;
			shellScript = "\"${SRCROOT}/Pods/Target Support Files/Pods-ChristamasBundleAppFiverr/Pods-ChristamasBundleAppFiverr-resources.sh\"\n";
			showEnvVarsInLog = 0;
		};
		52F70F9A336752EB12830E0A /* [CP] Check Pods Manifest.lock */ = {
			isa = PBXShellScriptBuildPhase;
			buildActionMask = 2147483647;
			files = (
			);
			inputPaths = (
				"${PODS_PODFILE_DIR_PATH}/Podfile.lock",
				"${PODS_ROOT}/Manifest.lock",
			);
			name = "[CP] Check Pods Manifest.lock";
			outputPaths = (
				"$(DERIVED_FILE_DIR)/Pods-ChristamasBundleAppFiverrUITests-checkManifestLockResult.txt",
			);
			runOnlyForDeploymentPostprocessing = 0;
			shellPath = /bin/sh;
			shellScript = "diff \"${PODS_PODFILE_DIR_PATH}/Podfile.lock\" \"${PODS_ROOT}/Manifest.lock\" > /dev/null\nif [ $? != 0 ] ; then\n    # print error to STDERR\n    echo \"error: The sandbox is not in sync with the Podfile.lock. Run 'pod install' or update your CocoaPods installation.\" >&2\n    exit 1\nfi\n# This output is used by Xcode 'outputs' to avoid re-running this script phase.\necho \"SUCCESS\" > \"${SCRIPT_OUTPUT_FILE_0}\"\n";
			showEnvVarsInLog = 0;
		};
		692635DF84E636931C746A23 /* [CP] Embed Pods Frameworks */ = {
			isa = PBXShellScriptBuildPhase;
			buildActionMask = 2147483647;
			files = (
			);
			inputPaths = (
			);
			name = "[CP] Embed Pods Frameworks";
			outputPaths = (
			);
			runOnlyForDeploymentPostprocessing = 0;
			shellPath = /bin/sh;
			shellScript = "\"${SRCROOT}/Pods/Target Support Files/Pods-ChristamasBundleAppFiverrTests/Pods-ChristamasBundleAppFiverrTests-frameworks.sh\"\n";
			showEnvVarsInLog = 0;
		};
		6C1C483AB58A83B8D200D0B5 /* [CP] Embed Pods Frameworks */ = {
			isa = PBXShellScriptBuildPhase;
			buildActionMask = 2147483647;
			files = (
			);
			inputPaths = (
			);
			name = "[CP] Embed Pods Frameworks";
			outputPaths = (
			);
			runOnlyForDeploymentPostprocessing = 0;
			shellPath = /bin/sh;
			shellScript = "\"${SRCROOT}/Pods/Target Support Files/Pods-ChristamasBundleAppFiverrUITests/Pods-ChristamasBundleAppFiverrUITests-frameworks.sh\"\n";
			showEnvVarsInLog = 0;
		};
		8732E37F8F2655ADDB08B9AD /* [CP] Check Pods Manifest.lock */ = {
			isa = PBXShellScriptBuildPhase;
			buildActionMask = 2147483647;
			files = (
			);
			inputPaths = (
				"${PODS_PODFILE_DIR_PATH}/Podfile.lock",
				"${PODS_ROOT}/Manifest.lock",
			);
			name = "[CP] Check Pods Manifest.lock";
			outputPaths = (
				"$(DERIVED_FILE_DIR)/Pods-ChristamasBundleAppFiverrTests-checkManifestLockResult.txt",
			);
			runOnlyForDeploymentPostprocessing = 0;
			shellPath = /bin/sh;
			shellScript = "diff \"${PODS_PODFILE_DIR_PATH}/Podfile.lock\" \"${PODS_ROOT}/Manifest.lock\" > /dev/null\nif [ $? != 0 ] ; then\n    # print error to STDERR\n    echo \"error: The sandbox is not in sync with the Podfile.lock. Run 'pod install' or update your CocoaPods installation.\" >&2\n    exit 1\nfi\n# This output is used by Xcode 'outputs' to avoid re-running this script phase.\necho \"SUCCESS\" > \"${SCRIPT_OUTPUT_FILE_0}\"\n";
			showEnvVarsInLog = 0;
		};
		A28F9B0FAF97B1520162A18E /* [CP] Copy Pods Resources */ = {
			isa = PBXShellScriptBuildPhase;
			buildActionMask = 2147483647;
			files = (
			);
			inputPaths = (
			);
			name = "[CP] Copy Pods Resources";
			outputPaths = (
			);
			runOnlyForDeploymentPostprocessing = 0;
			shellPath = /bin/sh;
			shellScript = "\"${SRCROOT}/Pods/Target Support Files/Pods-ChristamasBundleAppFiverrUITests/Pods-ChristamasBundleAppFiverrUITests-resources.sh\"\n";
			showEnvVarsInLog = 0;
		};
/* End PBXShellScriptBuildPhase section */

/* Begin PBXSourcesBuildPhase section */
		18E900AE1FBEC2720036F5D3 /* Sources */ = {
			isa = PBXSourcesBuildPhase;
			buildActionMask = 2147483647;
			files = (
				18E900B81FBEC2720036F5D3 /* ViewController.swift in Sources */,
				1808077C1FC1A90D0071AD37 /* CustomScene.swift in Sources */,
				1808077A1FC198020071AD37 /* Extensions.swift in Sources */,
				18E900B61FBEC2720036F5D3 /* AppDelegate.swift in Sources */,
			);
			runOnlyForDeploymentPostprocessing = 0;
		};
		18E900C21FBEC2720036F5D3 /* Sources */ = {
			isa = PBXSourcesBuildPhase;
			buildActionMask = 2147483647;
			files = (
				18E900CB1FBEC2730036F5D3 /* ChristamasBundleAppFiverrTests.swift in Sources */,
			);
			runOnlyForDeploymentPostprocessing = 0;
		};
		18E900CD1FBEC2730036F5D3 /* Sources */ = {
			isa = PBXSourcesBuildPhase;
			buildActionMask = 2147483647;
			files = (
				18E900D61FBEC2730036F5D3 /* ChristamasBundleAppFiverrUITests.swift in Sources */,
			);
			runOnlyForDeploymentPostprocessing = 0;
		};
/* End PBXSourcesBuildPhase section */

/* Begin PBXTargetDependency section */
		18E900C81FBEC2720036F5D3 /* PBXTargetDependency */ = {
			isa = PBXTargetDependency;
			target = 18E900B11FBEC2720036F5D3 /* ChristamasBundleAppFiverr */;
			targetProxy = 18E900C71FBEC2720036F5D3 /* PBXContainerItemProxy */;
		};
		18E900D31FBEC2730036F5D3 /* PBXTargetDependency */ = {
			isa = PBXTargetDependency;
			target = 18E900B11FBEC2720036F5D3 /* ChristamasBundleAppFiverr */;
			targetProxy = 18E900D21FBEC2730036F5D3 /* PBXContainerItemProxy */;
		};
/* End PBXTargetDependency section */

/* Begin PBXVariantGroup section */
		18E900B91FBEC2720036F5D3 /* Main.storyboard */ = {
			isa = PBXVariantGroup;
			children = (
				18E900BA1FBEC2720036F5D3 /* Base */,
			);
			name = Main.storyboard;
			sourceTree = "<group>";
		};
		18E900BE1FBEC2720036F5D3 /* LaunchScreen.storyboard */ = {
			isa = PBXVariantGroup;
			children = (
				18E900BF1FBEC2720036F5D3 /* Base */,
			);
			name = LaunchScreen.storyboard;
			sourceTree = "<group>";
		};
/* End PBXVariantGroup section */

/* Begin XCBuildConfiguration section */
		18E900D81FBEC2730036F5D3 /* Debug */ = {
			isa = XCBuildConfiguration;
			buildSettings = {
				ALWAYS_SEARCH_USER_PATHS = NO;
				CLANG_ANALYZER_NONNULL = YES;
				CLANG_ANALYZER_NUMBER_OBJECT_CONVERSION = YES_AGGRESSIVE;
				CLANG_CXX_LANGUAGE_STANDARD = "gnu++14";
				CLANG_CXX_LIBRARY = "libc++";
				CLANG_ENABLE_MODULES = YES;
				CLANG_ENABLE_OBJC_ARC = YES;
				CLANG_WARN_BLOCK_CAPTURE_AUTORELEASING = YES;
				CLANG_WARN_BOOL_CONVERSION = YES;
				CLANG_WARN_COMMA = YES;
				CLANG_WARN_CONSTANT_CONVERSION = YES;
				CLANG_WARN_DIRECT_OBJC_ISA_USAGE = YES_ERROR;
				CLANG_WARN_DOCUMENTATION_COMMENTS = YES;
				CLANG_WARN_EMPTY_BODY = YES;
				CLANG_WARN_ENUM_CONVERSION = YES;
				CLANG_WARN_INFINITE_RECURSION = YES;
				CLANG_WARN_INT_CONVERSION = YES;
				CLANG_WARN_NON_LITERAL_NULL_CONVERSION = YES;
				CLANG_WARN_OBJC_LITERAL_CONVERSION = YES;
				CLANG_WARN_OBJC_ROOT_CLASS = YES_ERROR;
				CLANG_WARN_RANGE_LOOP_ANALYSIS = YES;
				CLANG_WARN_STRICT_PROTOTYPES = YES;
				CLANG_WARN_SUSPICIOUS_MOVE = YES;
				CLANG_WARN_UNGUARDED_AVAILABILITY = YES_AGGRESSIVE;
				CLANG_WARN_UNREACHABLE_CODE = YES;
				CLANG_WARN__DUPLICATE_METHOD_MATCH = YES;
				CODE_SIGN_IDENTITY = "iPhone Developer";
				COPY_PHASE_STRIP = NO;
				DEBUG_INFORMATION_FORMAT = dwarf;
				ENABLE_STRICT_OBJC_MSGSEND = YES;
				ENABLE_TESTABILITY = YES;
				GCC_C_LANGUAGE_STANDARD = gnu11;
				GCC_DYNAMIC_NO_PIC = NO;
				GCC_NO_COMMON_BLOCKS = YES;
				GCC_OPTIMIZATION_LEVEL = 0;
				GCC_PREPROCESSOR_DEFINITIONS = (
					"DEBUG=1",
					"$(inherited)",
				);
				GCC_WARN_64_TO_32_BIT_CONVERSION = YES;
				GCC_WARN_ABOUT_RETURN_TYPE = YES_ERROR;
				GCC_WARN_UNDECLARED_SELECTOR = YES;
				GCC_WARN_UNINITIALIZED_AUTOS = YES_AGGRESSIVE;
				GCC_WARN_UNUSED_FUNCTION = YES;
				GCC_WARN_UNUSED_VARIABLE = YES;
				IPHONEOS_DEPLOYMENT_TARGET = 11.1;
				MTL_ENABLE_DEBUG_INFO = YES;
				ONLY_ACTIVE_ARCH = YES;
				SDKROOT = iphoneos;
				SWIFT_ACTIVE_COMPILATION_CONDITIONS = DEBUG;
				SWIFT_OPTIMIZATION_LEVEL = "-Onone";
			};
			name = Debug;
		};
		18E900D91FBEC2730036F5D3 /* Release */ = {
			isa = XCBuildConfiguration;
			buildSettings = {
				ALWAYS_SEARCH_USER_PATHS = NO;
				CLANG_ANALYZER_NONNULL = YES;
				CLANG_ANALYZER_NUMBER_OBJECT_CONVERSION = YES_AGGRESSIVE;
				CLANG_CXX_LANGUAGE_STANDARD = "gnu++14";
				CLANG_CXX_LIBRARY = "libc++";
				CLANG_ENABLE_MODULES = YES;
				CLANG_ENABLE_OBJC_ARC = YES;
				CLANG_WARN_BLOCK_CAPTURE_AUTORELEASING = YES;
				CLANG_WARN_BOOL_CONVERSION = YES;
				CLANG_WARN_COMMA = YES;
				CLANG_WARN_CONSTANT_CONVERSION = YES;
				CLANG_WARN_DIRECT_OBJC_ISA_USAGE = YES_ERROR;
				CLANG_WARN_DOCUMENTATION_COMMENTS = YES;
				CLANG_WARN_EMPTY_BODY = YES;
				CLANG_WARN_ENUM_CONVERSION = YES;
				CLANG_WARN_INFINITE_RECURSION = YES;
				CLANG_WARN_INT_CONVERSION = YES;
				CLANG_WARN_NON_LITERAL_NULL_CONVERSION = YES;
				CLANG_WARN_OBJC_LITERAL_CONVERSION = YES;
				CLANG_WARN_OBJC_ROOT_CLASS = YES_ERROR;
				CLANG_WARN_RANGE_LOOP_ANALYSIS = YES;
				CLANG_WARN_STRICT_PROTOTYPES = YES;
				CLANG_WARN_SUSPICIOUS_MOVE = YES;
				CLANG_WARN_UNGUARDED_AVAILABILITY = YES_AGGRESSIVE;
				CLANG_WARN_UNREACHABLE_CODE = YES;
				CLANG_WARN__DUPLICATE_METHOD_MATCH = YES;
				CODE_SIGN_IDENTITY = "iPhone Developer";
				COPY_PHASE_STRIP = NO;
				DEBUG_INFORMATION_FORMAT = "dwarf-with-dsym";
				ENABLE_NS_ASSERTIONS = NO;
				ENABLE_STRICT_OBJC_MSGSEND = YES;
				GCC_C_LANGUAGE_STANDARD = gnu11;
				GCC_NO_COMMON_BLOCKS = YES;
				GCC_WARN_64_TO_32_BIT_CONVERSION = YES;
				GCC_WARN_ABOUT_RETURN_TYPE = YES_ERROR;
				GCC_WARN_UNDECLARED_SELECTOR = YES;
				GCC_WARN_UNINITIALIZED_AUTOS = YES_AGGRESSIVE;
				GCC_WARN_UNUSED_FUNCTION = YES;
				GCC_WARN_UNUSED_VARIABLE = YES;
				IPHONEOS_DEPLOYMENT_TARGET = 11.1;
				MTL_ENABLE_DEBUG_INFO = NO;
				SDKROOT = iphoneos;
				SWIFT_OPTIMIZATION_LEVEL = "-Owholemodule";
				VALIDATE_PRODUCT = YES;
			};
			name = Release;
		};
		18E900DB1FBEC2730036F5D3 /* Debug */ = {
			isa = XCBuildConfiguration;
			baseConfigurationReference = FD77D992ED8604D8817E0D32 /* Pods-ChristamasBundleAppFiverr.debug.xcconfig */;
			buildSettings = {
				ASSETCATALOG_COMPILER_APPICON_NAME = AppIcon;
				CODE_SIGN_STYLE = Automatic;
				DEVELOPMENT_TEAM = BTSZ26LN83;
				INFOPLIST_FILE = ChristamasBundleAppFiverr/Info.plist;
				IPHONEOS_DEPLOYMENT_TARGET = 11;
				LD_RUNPATH_SEARCH_PATHS = "$(inherited) @executable_path/Frameworks";
				PRODUCT_BUNDLE_IDENTIFIER = com.cbk.ChristamasBundleAppFiverr;
				PRODUCT_NAME = "$(TARGET_NAME)";
				SWIFT_VERSION = 4.0;
				TARGETED_DEVICE_FAMILY = "1,2";
			};
			name = Debug;
		};
		18E900DC1FBEC2730036F5D3 /* Release */ = {
			isa = XCBuildConfiguration;
			baseConfigurationReference = BC660CB0DD392A6AE3FC31B2 /* Pods-ChristamasBundleAppFiverr.release.xcconfig */;
			buildSettings = {
				ASSETCATALOG_COMPILER_APPICON_NAME = AppIcon;
				CODE_SIGN_STYLE = Automatic;
				DEVELOPMENT_TEAM = BTSZ26LN83;
				INFOPLIST_FILE = ChristamasBundleAppFiverr/Info.plist;
				IPHONEOS_DEPLOYMENT_TARGET = 11;
				LD_RUNPATH_SEARCH_PATHS = "$(inherited) @executable_path/Frameworks";
				PRODUCT_BUNDLE_IDENTIFIER = com.cbk.ChristamasBundleAppFiverr;
				PRODUCT_NAME = "$(TARGET_NAME)";
				SWIFT_VERSION = 4.0;
				TARGETED_DEVICE_FAMILY = "1,2";
			};
			name = Release;
		};
		18E900DE1FBEC2730036F5D3 /* Debug */ = {
			isa = XCBuildConfiguration;
			baseConfigurationReference = 863D19AAA3CAEF79EE3AE104 /* Pods-ChristamasBundleAppFiverrTests.debug.xcconfig */;
			buildSettings = {
				ALWAYS_EMBED_SWIFT_STANDARD_LIBRARIES = YES;
				BUNDLE_LOADER = "$(TEST_HOST)";
				CODE_SIGN_STYLE = Automatic;
				INFOPLIST_FILE = ChristamasBundleAppFiverrTests/Info.plist;
				LD_RUNPATH_SEARCH_PATHS = "$(inherited) @executable_path/Frameworks @loader_path/Frameworks";
				PRODUCT_BUNDLE_IDENTIFIER = com.cbk.ChristamasBundleAppFiverrTests;
				PRODUCT_NAME = "$(TARGET_NAME)";
				SWIFT_VERSION = 4.0;
				TARGETED_DEVICE_FAMILY = "1,2";
				TEST_HOST = "$(BUILT_PRODUCTS_DIR)/ChristamasBundleAppFiverr.app/ChristamasBundleAppFiverr";
			};
			name = Debug;
		};
		18E900DF1FBEC2730036F5D3 /* Release */ = {
			isa = XCBuildConfiguration;
			baseConfigurationReference = 5A532DF3D95B12599315C281 /* Pods-ChristamasBundleAppFiverrTests.release.xcconfig */;
			buildSettings = {
				ALWAYS_EMBED_SWIFT_STANDARD_LIBRARIES = YES;
				BUNDLE_LOADER = "$(TEST_HOST)";
				CODE_SIGN_STYLE = Automatic;
				INFOPLIST_FILE = ChristamasBundleAppFiverrTests/Info.plist;
				LD_RUNPATH_SEARCH_PATHS = "$(inherited) @executable_path/Frameworks @loader_path/Frameworks";
				PRODUCT_BUNDLE_IDENTIFIER = com.cbk.ChristamasBundleAppFiverrTests;
				PRODUCT_NAME = "$(TARGET_NAME)";
				SWIFT_VERSION = 4.0;
				TARGETED_DEVICE_FAMILY = "1,2";
				TEST_HOST = "$(BUILT_PRODUCTS_DIR)/ChristamasBundleAppFiverr.app/ChristamasBundleAppFiverr";
			};
			name = Release;
		};
		18E900E11FBEC2730036F5D3 /* Debug */ = {
			isa = XCBuildConfiguration;
			baseConfigurationReference = E2BDA4FA2ECCE773E29257C3 /* Pods-ChristamasBundleAppFiverrUITests.debug.xcconfig */;
			buildSettings = {
				ALWAYS_EMBED_SWIFT_STANDARD_LIBRARIES = YES;
				CODE_SIGN_STYLE = Automatic;
				INFOPLIST_FILE = ChristamasBundleAppFiverrUITests/Info.plist;
				LD_RUNPATH_SEARCH_PATHS = "$(inherited) @executable_path/Frameworks @loader_path/Frameworks";
				PRODUCT_BUNDLE_IDENTIFIER = com.cbk.ChristamasBundleAppFiverrUITests;
				PRODUCT_NAME = "$(TARGET_NAME)";
				SWIFT_VERSION = 4.0;
				TARGETED_DEVICE_FAMILY = "1,2";
				TEST_TARGET_NAME = ChristamasBundleAppFiverr;
			};
			name = Debug;
		};
		18E900E21FBEC2730036F5D3 /* Release */ = {
			isa = XCBuildConfiguration;
			baseConfigurationReference = 67EADA76A043E9219535A5CD /* Pods-ChristamasBundleAppFiverrUITests.release.xcconfig */;
			buildSettings = {
				ALWAYS_EMBED_SWIFT_STANDARD_LIBRARIES = YES;
				CODE_SIGN_STYLE = Automatic;
				INFOPLIST_FILE = ChristamasBundleAppFiverrUITests/Info.plist;
				LD_RUNPATH_SEARCH_PATHS = "$(inherited) @executable_path/Frameworks @loader_path/Frameworks";
				PRODUCT_BUNDLE_IDENTIFIER = com.cbk.ChristamasBundleAppFiverrUITests;
				PRODUCT_NAME = "$(TARGET_NAME)";
				SWIFT_VERSION = 4.0;
				TARGETED_DEVICE_FAMILY = "1,2";
				TEST_TARGET_NAME = ChristamasBundleAppFiverr;
			};
			name = Release;
		};
/* End XCBuildConfiguration section */

/* Begin XCConfigurationList section */
		18E900AD1FBEC2720036F5D3 /* Build configuration list for PBXProject "ChristamasBundleAppFiverr" */ = {
			isa = XCConfigurationList;
			buildConfigurations = (
				18E900D81FBEC2730036F5D3 /* Debug */,
				18E900D91FBEC2730036F5D3 /* Release */,
			);
			defaultConfigurationIsVisible = 0;
			defaultConfigurationName = Release;
		};
		18E900DA1FBEC2730036F5D3 /* Build configuration list for PBXNativeTarget "ChristamasBundleAppFiverr" */ = {
			isa = XCConfigurationList;
			buildConfigurations = (
				18E900DB1FBEC2730036F5D3 /* Debug */,
				18E900DC1FBEC2730036F5D3 /* Release */,
			);
			defaultConfigurationIsVisible = 0;
			defaultConfigurationName = Release;
		};
		18E900DD1FBEC2730036F5D3 /* Build configuration list for PBXNativeTarget "ChristamasBundleAppFiverrTests" */ = {
			isa = XCConfigurationList;
			buildConfigurations = (
				18E900DE1FBEC2730036F5D3 /* Debug */,
				18E900DF1FBEC2730036F5D3 /* Release */,
			);
			defaultConfigurationIsVisible = 0;
			defaultConfigurationName = Release;
		};
		18E900E01FBEC2730036F5D3 /* Build configuration list for PBXNativeTarget "ChristamasBundleAppFiverrUITests" */ = {
			isa = XCConfigurationList;
			buildConfigurations = (
				18E900E11FBEC2730036F5D3 /* Debug */,
				18E900E21FBEC2730036F5D3 /* Release */,
			);
			defaultConfigurationIsVisible = 0;
			defaultConfigurationName = Release;
		};
/* End XCConfigurationList section */
	};
	rootObject = 18E900AA1FBEC2720036F5D3 /* Project object */;
}
